
Microsoft Visual Studio Solution File, Format Version 12.00
# Visual Studio 2013
VisualStudioVersion = 12.0.30723.0
MinimumVisualStudioVersion = 10.0.40219.1
Project("{FAE04EC0-301F-11D3-BF4B-00C04F79EFBC}") = "KinectSocket", "KinectClient\KinectSocket.csproj", "{EA5CAD03-8C7D-443E-9B22-3D7A0EFB7DC5}"
EndProject
Project("{FAE04EC0-301F-11D3-BF4B-00C04F79EFBC}") = "Tiny", "Tiny\Tiny.csproj", "{B5E5572A-3AF3-4A84-A337-C12DDD899007}"
EndProject
Global
	GlobalSection(SolutionConfigurationPlatforms) = preSolution
		Debug|Any CPU = Debug|Any CPU
		Release|Any CPU = Release|Any CPU
	EndGlobalSection
	GlobalSection(ProjectConfigurationPlatforms) = postSolution
		{EA5CAD03-8C7D-443E-9B22-3D7A0EFB7DC5}.Debug|Any CPU.ActiveCfg = Debug|Any CPU
		{EA5CAD03-8C7D-443E-9B22-3D7A0EFB7DC5}.Debug|Any CPU.Build.0 = Debug|Any CPU
		{EA5CAD03-8C7D-443E-9B22-3D7A0EFB7DC5}.Release|Any CPU.ActiveCfg = Release|Any CPU
		{EA5CAD03-8C7D-443E-9B22-3D7A0EFB7DC5}.Release|Any CPU.Build.0 = Release|Any CPU
		{B5E5572A-3AF3-4A84-A337-C12DDD899007}.Debug|Any CPU.ActiveCfg = Debug|Any CPU
		{B5E5572A-3AF3-4A84-A337-C12DDD899007}.Debug|Any CPU.Build.0 = Debug|Any CPU
		{B5E5572A-3AF3-4A84-A337-C12DDD899007}.Release|Any CPU.ActiveCfg = Release|Any CPU
		{B5E5572A-3AF3-4A84-A337-C12DDD899007}.Release|Any CPU.Build.0 = Release|Any CPU
	EndGlobalSection
	GlobalSection(SolutionProperties) = preSolution
		HideSolutionNode = FALSE
	EndGlobalSection
EndGlobal
